<?xml version="1.0" encoding="utf-8"?>
<Project ToolsVersion="4.0" xmlns="http://schemas.microsoft.com/developer/msbuild/2003">
  <ItemGroup>
    <ClCompile Include="AboutDlg.cpp" />
    <ClCompile Include="ColorCop.cpp" />
    <ClCompile Include="ColorCopDlg.cpp" />
    <ClCompile Include="DarkStatusBar.cpp" />
    <ClCompile Include="Label.cpp" />
    <ClCompile Include="pch.cpp" />
    <ClCompile Include="SystemTray.cpp" />
    <ClCompile Include="CustomFrameController.cpp" />
  </ItemGroup>
  <ItemGroup>
    <ClInclude Include="AboutDlg.h" />
    <ClInclude Include="ColorCop.h" />
    <ClInclude Include="ColorCopDlg.h" />
    <ClInclude Include="DarkStatusBar.h" />
    <ClInclude Include="Defaults.h" />
    <ClInclude Include="GdiHelpers.h" />
    <ClInclude Include="Label.h" />
    <ClInclude Include="Resource.h" />
    <ClInclude Include="pch.h" />
    <ClInclude Include="SystemTray.h" />
    <ClInclude Include="CustomFrameController.h" />
  </ItemGroup>
  <ItemGroup>
    <ResourceCompile Include="ColorCop.rc" />
  </ItemGroup>
  <ItemGroup>
    <Image Include="Res\eyeyedropper.ico" />
    <Image Include="Res\ico00001.ico" />
    <Image Include="Res\ico00002.ico" />
    <Image Include="Res\ico00003.ico" />
    <Image Include="Res\icon1.ico" />
    <Image Include="Res\idr_main.ico" />
  </ItemGroup>
  <ItemGroup>
    <None Include="Res\ColorCop.rc2" />
    <None Include="Res\cross.cur" />
    <None Include="Res\cur00001.cur" />
    <None Include="Res\cur00002.cur" />
    <None Include="Res\cur00003.cur" />
    <None Include="Res\cursor1.cur" />
    <None Include="Res\cursor_m.cur" />
    <None Include="Res\hand.cur" />
    <None Include="Res\MOVE4WAY.CUR" />
    <None Include="app.manifest" />
  </ItemGroup>
  <ItemGroup>
    <Text Include="ReadMe.txt" />
  </ItemGroup>
</Project>